
Microsoft Visual Studio Solution File, Format Version 12.00
# Visual Studio 15
VisualStudioVersion = 15.0.28010.2003
MinimumVisualStudioVersion = 10.0.40219.1
Project("{2150E333-8FDC-42A3-9474-1A3956D46DE8}") = "2_BusinessLayer", "2_BusinessLayer", "{C3F767E9-F302-476E-80A2-BC31643E2DE2}"
EndProject
Project("{2150E333-8FDC-42A3-9474-1A3956D46DE8}") = "1_UserInterface", "1_UserInterface", "{6CFE4523-E235-4894-8393-54D923BC2F4F}"
EndProject
Project("{2150E333-8FDC-42A3-9474-1A3956D46DE8}") = "UnitTests", "UnitTests", "{A1A400C5-6841-4439-B48C-A99ED698E4F8}"
EndProject
Project("{2150E333-8FDC-42A3-9474-1A3956D46DE8}") = "Cross-Cutting", "Cross-Cutting", "{4383DAB1-A988-4722-8DA7-005FF95BB887}"
EndProject
Project("{2150E333-8FDC-42A3-9474-1A3956D46DE8}") = "3_DataLayer", "3_DataLayer", "{4199BC01-44A0-441E-8E49-F489ABF54020}"
EndProject
Project("{9A19103F-16F7-4668-BE54-9A1E7A4F7556}") = "DataAccess", "3_DataLayer\DataAccess\DataAccess.csproj", "{9C30A106-5CC3-4D77-AD1A-0317DC13204D}"
EndProject
Project("{9A19103F-16F7-4668-BE54-9A1E7A4F7556}") = "UnitTesting", "UnitTesting\UnitTesting.csproj", "{7753652D-17C3-4BE5-B58A-8ADA84C9CAAD}"
EndProject
Project("{9A19103F-16F7-4668-BE54-9A1E7A4F7556}") = "DataContracts", "3_DataLayer\DataContracts\DataContracts.csproj", "{DF46FC1B-B0D4-467E-9227-5E73E52F490B}"
EndProject
Project("{FAE04EC0-301F-11D3-BF4B-00C04F79EFBC}") = "BusinessEntities", "2_BusinessLayer\BusinessEntities\BusinessEntities.csproj", "{3341F5D2-1379-40E2-B990-F9B42E4B0A30}"
EndProject
Global
	GlobalSection(SolutionConfigurationPlatforms) = preSolution
		Debug|Any CPU = Debug|Any CPU
		Release|Any CPU = Release|Any CPU
	EndGlobalSection
	GlobalSection(ProjectConfigurationPlatforms) = postSolution
		{9C30A106-5CC3-4D77-AD1A-0317DC13204D}.Debug|Any CPU.ActiveCfg = Debug|Any CPU
		{9C30A106-5CC3-4D77-AD1A-0317DC13204D}.Debug|Any CPU.Build.0 = Debug|Any CPU
		{9C30A106-5CC3-4D77-AD1A-0317DC13204D}.Release|Any CPU.ActiveCfg = Release|Any CPU
		{9C30A106-5CC3-4D77-AD1A-0317DC13204D}.Release|Any CPU.Build.0 = Release|Any CPU
		{7753652D-17C3-4BE5-B58A-8ADA84C9CAAD}.Debug|Any CPU.ActiveCfg = Debug|Any CPU
		{7753652D-17C3-4BE5-B58A-8ADA84C9CAAD}.Debug|Any CPU.Build.0 = Debug|Any CPU
		{7753652D-17C3-4BE5-B58A-8ADA84C9CAAD}.Release|Any CPU.ActiveCfg = Release|Any CPU
		{7753652D-17C3-4BE5-B58A-8ADA84C9CAAD}.Release|Any CPU.Build.0 = Release|Any CPU
		{DF46FC1B-B0D4-467E-9227-5E73E52F490B}.Debug|Any CPU.ActiveCfg = Debug|Any CPU
		{DF46FC1B-B0D4-467E-9227-5E73E52F490B}.Debug|Any CPU.Build.0 = Debug|Any CPU
		{DF46FC1B-B0D4-467E-9227-5E73E52F490B}.Release|Any CPU.ActiveCfg = Release|Any CPU
		{DF46FC1B-B0D4-467E-9227-5E73E52F490B}.Release|Any CPU.Build.0 = Release|Any CPU
		{3341F5D2-1379-40E2-B990-F9B42E4B0A30}.Debug|Any CPU.ActiveCfg = Debug|Any CPU
		{3341F5D2-1379-40E2-B990-F9B42E4B0A30}.Debug|Any CPU.Build.0 = Debug|Any CPU
		{3341F5D2-1379-40E2-B990-F9B42E4B0A30}.Release|Any CPU.ActiveCfg = Release|Any CPU
		{3341F5D2-1379-40E2-B990-F9B42E4B0A30}.Release|Any CPU.Build.0 = Release|Any CPU
	EndGlobalSection
	GlobalSection(SolutionProperties) = preSolution
		HideSolutionNode = FALSE
	EndGlobalSection
	GlobalSection(NestedProjects) = preSolution
		{9C30A106-5CC3-4D77-AD1A-0317DC13204D} = {4199BC01-44A0-441E-8E49-F489ABF54020}
		{7753652D-17C3-4BE5-B58A-8ADA84C9CAAD} = {A1A400C5-6841-4439-B48C-A99ED698E4F8}
		{DF46FC1B-B0D4-467E-9227-5E73E52F490B} = {4199BC01-44A0-441E-8E49-F489ABF54020}
		{3341F5D2-1379-40E2-B990-F9B42E4B0A30} = {C3F767E9-F302-476E-80A2-BC31643E2DE2}
	EndGlobalSection
	GlobalSection(ExtensibilityGlobals) = postSolution
		SolutionGuid = {7102952F-FB2D-4E3F-A3BF-F9D28A507A77}
	EndGlobalSection
EndGlobal
