
Microsoft Visual Studio Solution File, Format Version 12.00
# Visual Studio 15
VisualStudioVersion = 15.0.28010.2003
MinimumVisualStudioVersion = 10.0.40219.1
Project("{2150E333-8FDC-42A3-9474-1A3956D46DE8}") = "1_UserInterface", "1_UserInterface", "{6CFE4523-E235-4894-8393-54D923BC2F4F}"
EndProject
Project("{2150E333-8FDC-42A3-9474-1A3956D46DE8}") = "Cross-Cutting", "Cross-Cutting", "{4383DAB1-A988-4722-8DA7-005FF95BB887}"
EndProject
Project("{2150E333-8FDC-42A3-9474-1A3956D46DE8}") = "MSTests", "MSTests", "{9DDFF279-03B3-423E-B71B-46709F5DFCD7}"
EndProject
Project("{9A19103F-16F7-4668-BE54-9A1E7A4F7556}") = "UnitTests", "MSTests\UnitTests\UnitTests.csproj", "{D07637C4-1EFE-4127-BE89-C0E2C2FD3E21}"
EndProject
Project("{2150E333-8FDC-42A3-9474-1A3956D46DE8}") = "2_ServiceLayer", "2_ServiceLayer", "{F1FCCBDD-AD27-4543-94EE-996052A66EC4}"
EndProject
Project("{2150E333-8FDC-42A3-9474-1A3956D46DE8}") = "3_BusinessLayer", "3_BusinessLayer", "{8BEB62C5-D237-49BB-BDE1-063A3093FB11}"
EndProject
Project("{2150E333-8FDC-42A3-9474-1A3956D46DE8}") = "4_DataLayer", "4_DataLayer", "{417D12A9-BDDF-40C5-95F5-88FB23E0E69C}"
EndProject
Project("{9A19103F-16F7-4668-BE54-9A1E7A4F7556}") = "SportsWebApi", "2_ServiceLayer\SportsWebApi\SportsWebApi.csproj", "{A8FCE8AE-8D95-4AA8-974F-D0799C288443}"
EndProject
Project("{9A19103F-16F7-4668-BE54-9A1E7A4F7556}") = "BusinessLogic", "3_BusinessLayer\BusinessLogic\BusinessLogic.csproj", "{5CA05C80-94D5-4230-8B38-BBBD32DFA221}"
EndProject
Project("{9A19103F-16F7-4668-BE54-9A1E7A4F7556}") = "BusinessEntities", "3_BusinessLayer\BusinessEntities\BusinessEntities.csproj", "{D3008E61-5B65-4960-B308-275689975398}"
EndProject
Project("{9A19103F-16F7-4668-BE54-9A1E7A4F7556}") = "BusinessContracts", "3_BusinessLayer\BusinessContracts\BusinessContracts.csproj", "{9F818FC8-4A2B-4FB9-AD94-2F4A23006884}"
EndProject
Project("{9A19103F-16F7-4668-BE54-9A1E7A4F7556}") = "DataAccess", "4_DataLayer\DataAccess\DataAccess.csproj", "{379EB68C-538F-42A4-A8CA-E3E460DAABC4}"
EndProject
Project("{9A19103F-16F7-4668-BE54-9A1E7A4F7556}") = "DataContracts", "4_DataLayer\DataContracts\DataContracts.csproj", "{CAEBC37E-617A-464B-9F39-67CDBD3B7232}"
EndProject
Project("{9A19103F-16F7-4668-BE54-9A1E7A4F7556}") = "CommonUtilities", "Cross-Cutting\CommonUtilities\CommonUtilities.csproj", "{7F13DF10-A359-4EEA-8B9F-FA6ED381A4A2}"
EndProject
Project("{FAE04EC0-301F-11D3-BF4B-00C04F79EFBC}") = "ProviderManager", "Cross-Cutting\ProviderManager\ProviderManager.csproj", "{004D881D-DD35-417B-9E4C-75C3285C3D24}"
EndProject
Global
	GlobalSection(SolutionConfigurationPlatforms) = preSolution
		Debug|Any CPU = Debug|Any CPU
		Release|Any CPU = Release|Any CPU
	EndGlobalSection
	GlobalSection(ProjectConfigurationPlatforms) = postSolution
		{D07637C4-1EFE-4127-BE89-C0E2C2FD3E21}.Debug|Any CPU.ActiveCfg = Debug|Any CPU
		{D07637C4-1EFE-4127-BE89-C0E2C2FD3E21}.Debug|Any CPU.Build.0 = Debug|Any CPU
		{D07637C4-1EFE-4127-BE89-C0E2C2FD3E21}.Release|Any CPU.ActiveCfg = Release|Any CPU
		{D07637C4-1EFE-4127-BE89-C0E2C2FD3E21}.Release|Any CPU.Build.0 = Release|Any CPU
		{A8FCE8AE-8D95-4AA8-974F-D0799C288443}.Debug|Any CPU.ActiveCfg = Debug|Any CPU
		{A8FCE8AE-8D95-4AA8-974F-D0799C288443}.Debug|Any CPU.Build.0 = Debug|Any CPU
		{A8FCE8AE-8D95-4AA8-974F-D0799C288443}.Release|Any CPU.ActiveCfg = Release|Any CPU
		{A8FCE8AE-8D95-4AA8-974F-D0799C288443}.Release|Any CPU.Build.0 = Release|Any CPU
		{5CA05C80-94D5-4230-8B38-BBBD32DFA221}.Debug|Any CPU.ActiveCfg = Debug|Any CPU
		{5CA05C80-94D5-4230-8B38-BBBD32DFA221}.Debug|Any CPU.Build.0 = Debug|Any CPU
		{5CA05C80-94D5-4230-8B38-BBBD32DFA221}.Release|Any CPU.ActiveCfg = Release|Any CPU
		{5CA05C80-94D5-4230-8B38-BBBD32DFA221}.Release|Any CPU.Build.0 = Release|Any CPU
		{D3008E61-5B65-4960-B308-275689975398}.Debug|Any CPU.ActiveCfg = Debug|Any CPU
		{D3008E61-5B65-4960-B308-275689975398}.Debug|Any CPU.Build.0 = Debug|Any CPU
		{D3008E61-5B65-4960-B308-275689975398}.Release|Any CPU.ActiveCfg = Release|Any CPU
		{D3008E61-5B65-4960-B308-275689975398}.Release|Any CPU.Build.0 = Release|Any CPU
		{9F818FC8-4A2B-4FB9-AD94-2F4A23006884}.Debug|Any CPU.ActiveCfg = Debug|Any CPU
		{9F818FC8-4A2B-4FB9-AD94-2F4A23006884}.Debug|Any CPU.Build.0 = Debug|Any CPU
		{9F818FC8-4A2B-4FB9-AD94-2F4A23006884}.Release|Any CPU.ActiveCfg = Release|Any CPU
		{9F818FC8-4A2B-4FB9-AD94-2F4A23006884}.Release|Any CPU.Build.0 = Release|Any CPU
		{379EB68C-538F-42A4-A8CA-E3E460DAABC4}.Debug|Any CPU.ActiveCfg = Debug|Any CPU
		{379EB68C-538F-42A4-A8CA-E3E460DAABC4}.Debug|Any CPU.Build.0 = Debug|Any CPU
		{379EB68C-538F-42A4-A8CA-E3E460DAABC4}.Release|Any CPU.ActiveCfg = Release|Any CPU
		{379EB68C-538F-42A4-A8CA-E3E460DAABC4}.Release|Any CPU.Build.0 = Release|Any CPU
		{CAEBC37E-617A-464B-9F39-67CDBD3B7232}.Debug|Any CPU.ActiveCfg = Debug|Any CPU
		{CAEBC37E-617A-464B-9F39-67CDBD3B7232}.Debug|Any CPU.Build.0 = Debug|Any CPU
		{CAEBC37E-617A-464B-9F39-67CDBD3B7232}.Release|Any CPU.ActiveCfg = Release|Any CPU
		{CAEBC37E-617A-464B-9F39-67CDBD3B7232}.Release|Any CPU.Build.0 = Release|Any CPU
		{7F13DF10-A359-4EEA-8B9F-FA6ED381A4A2}.Debug|Any CPU.ActiveCfg = Debug|Any CPU
		{7F13DF10-A359-4EEA-8B9F-FA6ED381A4A2}.Debug|Any CPU.Build.0 = Debug|Any CPU
		{7F13DF10-A359-4EEA-8B9F-FA6ED381A4A2}.Release|Any CPU.ActiveCfg = Release|Any CPU
		{7F13DF10-A359-4EEA-8B9F-FA6ED381A4A2}.Release|Any CPU.Build.0 = Release|Any CPU
		{004D881D-DD35-417B-9E4C-75C3285C3D24}.Debug|Any CPU.ActiveCfg = Debug|Any CPU
		{004D881D-DD35-417B-9E4C-75C3285C3D24}.Debug|Any CPU.Build.0 = Debug|Any CPU
		{004D881D-DD35-417B-9E4C-75C3285C3D24}.Release|Any CPU.ActiveCfg = Release|Any CPU
		{004D881D-DD35-417B-9E4C-75C3285C3D24}.Release|Any CPU.Build.0 = Release|Any CPU
	EndGlobalSection
	GlobalSection(SolutionProperties) = preSolution
		HideSolutionNode = FALSE
	EndGlobalSection
	GlobalSection(NestedProjects) = preSolution
		{D07637C4-1EFE-4127-BE89-C0E2C2FD3E21} = {9DDFF279-03B3-423E-B71B-46709F5DFCD7}
		{A8FCE8AE-8D95-4AA8-974F-D0799C288443} = {F1FCCBDD-AD27-4543-94EE-996052A66EC4}
		{5CA05C80-94D5-4230-8B38-BBBD32DFA221} = {8BEB62C5-D237-49BB-BDE1-063A3093FB11}
		{D3008E61-5B65-4960-B308-275689975398} = {8BEB62C5-D237-49BB-BDE1-063A3093FB11}
		{9F818FC8-4A2B-4FB9-AD94-2F4A23006884} = {8BEB62C5-D237-49BB-BDE1-063A3093FB11}
		{379EB68C-538F-42A4-A8CA-E3E460DAABC4} = {417D12A9-BDDF-40C5-95F5-88FB23E0E69C}
		{CAEBC37E-617A-464B-9F39-67CDBD3B7232} = {417D12A9-BDDF-40C5-95F5-88FB23E0E69C}
		{7F13DF10-A359-4EEA-8B9F-FA6ED381A4A2} = {4383DAB1-A988-4722-8DA7-005FF95BB887}
		{004D881D-DD35-417B-9E4C-75C3285C3D24} = {4383DAB1-A988-4722-8DA7-005FF95BB887}
	EndGlobalSection
	GlobalSection(ExtensibilityGlobals) = postSolution
		SolutionGuid = {7102952F-FB2D-4E3F-A3BF-F9D28A507A77}
	EndGlobalSection
EndGlobal
